// !$*UTF8*$!
{
	archiveVersion = 1;
	classes = {
	};
	objectVersion = 46;
	objects = {

/* Begin PBXBuildFile section */
		E43BE0861D460D55008EC7BE /* main.m in Sources */ = {isa = PBXBuildFile; fileRef = E43BE0851D460D55008EC7BE /* main.m */; };
		E43BE0891D460D55008EC7BE /* AppDelegate.m in Sources */ = {isa = PBXBuildFile; fileRef = E43BE0881D460D55008EC7BE /* AppDelegate.m */; };
		E43BE08C1D460D55008EC7BE /* ViewController.m in Sources */ = {isa = PBXBuildFile; fileRef = E43BE08B1D460D55008EC7BE /* ViewController.m */; };
		E43BE08F1D460D55008EC7BE /* Main.storyboard in Resources */ = {isa = PBXBuildFile; fileRef = E43BE08D1D460D55008EC7BE /* Main.storyboard */; };
		E43BE0911D460D55008EC7BE /* Assets.xcassets in Resources */ = {isa = PBXBuildFile; fileRef = E43BE0901D460D55008EC7BE /* Assets.xcassets */; };
		E43BE0941D460D55008EC7BE /* LaunchScreen.storyboard in Resources */ = {isa = PBXBuildFile; fileRef = E43BE0921D460D55008EC7BE /* LaunchScreen.storyboard */; };
/* End PBXBuildFile section */

/* Begin PBXFileReference section */
		E43BE0811D460D55008EC7BE /* Caculator.app */ = {isa = PBXFileReference; explicitFileType = wrapper.application; includeInIndex = 0; path = Caculator.app; sourceTree = BUILT_PRODUCTS_DIR; };
		E43BE0851D460D55008EC7BE /* main.m */ = {isa = PBXFileReference; lastKnownFileType = sourcecode.c.objc; path = main.m; sourceTree = "<group>"; };
		E43BE0871D460D55008EC7BE /* AppDelegate.h */ = {isa = PBXFileReference; lastKnownFileType = sourcecode.c.h; path = AppDelegate.h; sourceTree = "<group>"; };
		E43BE0881D460D55008EC7BE /* AppDelegate.m */ = {isa = PBXFileReference; lastKnownFileType = sourcecode.c.objc; path = AppDelegate.m; sourceTree = "<group>"; };
		E43BE08A1D460D55008EC7BE /* ViewController.h */ = {isa = PBXFileReference; lastKnownFileType = sourcecode.c.h; path = ViewController.h; sourceTree = "<group>"; };
		E43BE08B1D460D55008EC7BE /* ViewController.m */ = {isa = PBXFileReference; lastKnownFileType = sourcecode.c.objc; path = ViewController.m; sourceTree = "<group>"; };
		E43BE08E1D460D55008EC7BE /* Base */ = {isa = PBXFileReference; lastKnownFileType = file.storyboard; name = Base; path = Base.lproj/Main.storyboard; sourceTree = "<group>"; };
		E43BE0901D460D55008EC7BE /* Assets.xcassets */ = {isa = PBXFileReference; lastKnownFileType = folder.assetcatalog; path = Assets.xcassets; sourceTree = "<group>"; };
		E43BE0931D460D55008EC7BE /* Base */ = {isa = PBXFileReference; lastKnownFileType = file.storyboard; name = Base; path = Base.lproj/LaunchScreen.storyboard; sourceTree = "<group>"; };
		E43BE0951D460D55008EC7BE /* Info.plist */ = {isa = PBXFileReference; lastKnownFileType = text.plist.xml; path = Info.plist; sourceTree = "<group>"; };
/* End PBXFileReference section */

/* Begin PBXFrameworksBuildPhase section */
		E43BE07E1D460D55008EC7BE /* Frameworks */ = {
			isa = PBXFrameworksBuildPhase;
			buildActionMask = 2147483647;
			files = (
			);
			runOnlyForDeploymentPostprocessing = 0;
		};
/* End PBXFrameworksBuildPhase section */

/* Begin PBXGroup section */
		E43BE0781D460D55008EC7BE = {
			isa = PBXGroup;
			children = (
				E43BE0831D460D55008EC7BE /* Caculator */,
				E43BE0821D460D55008EC7BE /* Products */,
			);
			sourceTree = "<group>";
		};
		E43BE0821D460D55008EC7BE /* Products */ = {
			isa = PBXGroup;
			children = (
				E43BE0811D460D55008EC7BE /* Caculator.app */,
			);
			name = Products;
			sourceTree = "<group>";
		};
		E43BE0831D460D55008EC7BE /* Caculator */ = {
			isa = PBXGroup;
			children = (
				E43BE0871D460D55008EC7BE /* AppDelegate.h */,
				E43BE0881D460D55008EC7BE /* AppDelegate.m */,
				E43BE08A1D460D55008EC7BE /* ViewController.h */,
				E43BE08B1D460D55008EC7BE /* ViewController.m */,
				E43BE08D1D460D55008EC7BE /* Main.storyboard */,
				E43BE0901D460D55008EC7BE /* Assets.xcassets */,
				E43BE0921D460D55008EC7BE /* LaunchScreen.storyboard */,
				E43BE0951D460D55008EC7BE /* Info.plist */,
				E43BE0841D460D55008EC7BE /* Supporting Files */,
			);
			path = Caculator;
			sourceTree = "<group>";
		};
		E43BE0841D460D55008EC7BE /* Supporting Files */ = {
			isa = PBXGroup;
			children = (
				E43BE0851D460D55008EC7BE /* main.m */,
			);
			name = "Supporting Files";
			sourceTree = "<group>";
		};
/* End PBXGroup section */

/* Begin PBXNativeTarget section */
		E43BE0801D460D55008EC7BE /* Caculator */ = {
			isa = PBXNativeTarget;
			buildConfigurationList = E43BE0981D460D55008EC7BE /* Build configuration list for PBXNativeTarget "Caculator" */;
			buildPhases = (
				E43BE07D1D460D55008EC7BE /* Sources */,
				E43BE07E1D460D55008EC7BE /* Frameworks */,
				E43BE07F1D460D55008EC7BE /* Resources */,
			);
			buildRules = (
			);
			dependencies = (
			);
			name = Caculator;
			productName = Caculator;
			productReference = E43BE0811D460D55008EC7BE /* Caculator.app */;
			productType = "com.apple.product-type.application";
		};
/* End PBXNativeTarget section */

/* Begin PBXProject section */
		E43BE0791D460D55008EC7BE /* Project object */ = {
			isa = PBXProject;
			attributes = {
				LastUpgradeCheck = 0730;
				ORGANIZATIONNAME = "UESTCACM QKTeam";
				TargetAttributes = {
					E43BE0801D460D55008EC7BE = {
						CreatedOnToolsVersion = 7.3;
					};
				};
			};
			buildConfigurationList = E43BE07C1D460D55008EC7BE /* Build configuration list for PBXProject "Caculator" */;
			compatibilityVersion = "Xcode 3.2";
			developmentRegion = English;
			hasScannedForEncodings = 0;
			knownRegions = (
				en,
				Base,
			);
			mainGroup = E43BE0781D460D55008EC7BE;
			productRefGroup = E43BE0821D460D55008EC7BE /* Products */;
			projectDirPath = "";
			projectRoot = "";
			targets = (
				E43BE0801D460D55008EC7BE /* Caculator */,
			);
		};
/* End PBXProject section */

/* Begin PBXResourcesBuildPhase section */
		E43BE07F1D460D55008EC7BE /* Resources */ = {
			isa = PBXResourcesBuildPhase;
			buildActionMask = 2147483647;
			files = (
				E43BE0941D460D55008EC7BE /* LaunchScreen.storyboard in Resources */,
				E43BE0911D460D55008EC7BE /* Assets.xcassets in Resources */,
				E43BE08F1D460D55008EC7BE /* Main.storyboard in Resources */,
			);
			runOnlyForDeploymentPostprocessing = 0;
		};
/* End PBXResourcesBuildPhase section */

/* Begin PBXSourcesBuildPhase section */
		E43BE07D1D460D55008EC7BE /* Sources */ = {
			isa = PBXSourcesBuildPhase;
			buildActionMask = 2147483647;
			files = (
				E43BE08C1D460D55008EC7BE /* ViewController.m in Sources */,
				E43BE0891D460D55008EC7BE /* AppDelegate.m in Sources */,
				E43BE0861D460D55008EC7BE /* main.m in Sources */,
			);
			runOnlyForDeploymentPostprocessing = 0;
		};
/* End PBXSourcesBuildPhase section */

/* Begin PBXVariantGroup section */
		E43BE08D1D460D55008EC7BE /* Main.storyboard */ = {
			isa = PBXVariantGroup;
			children = (
				E43BE08E1D460D55008EC7BE /* Base */,
			);
			name = Main.storyboard;
			sourceTree = "<group>";
		};
		E43BE0921D460D55008EC7BE /* LaunchScreen.storyboard */ = {
			isa = PBXVariantGroup;
			children = (
				E43BE0931D460D55008EC7BE /* Base */,
			);
			name = LaunchScreen.storyboard;
			sourceTree = "<group>";
		};
/* End PBXVariantGroup section */

/* Begin XCBuildConfiguration section */
		E43BE0961D460D55008EC7BE /* Debug */ = {
			isa = XCBuildConfiguration;
			buildSettings = {
				ALWAYS_SEARCH_USER_PATHS = NO;
				CLANG_ANALYZER_NONNULL = YES;
				CLANG_CXX_LANGUAGE_STANDARD = "gnu++0x";
				CLANG_CXX_LIBRARY = "libc++";
				CLANG_ENABLE_MODULES = YES;
				CLANG_ENABLE_OBJC_ARC = YES;
				CLANG_WARN_BOOL_CONVERSION = YES;
				CLANG_WARN_CONSTANT_CONVERSION = YES;
				CLANG_WARN_DIRECT_OBJC_ISA_USAGE = YES_ERROR;
				CLANG_WARN_EMPTY_BODY = YES;
				CLANG_WARN_ENUM_CONVERSION = YES;
				CLANG_WARN_INT_CONVERSION = YES;
				CLANG_WARN_OBJC_ROOT_CLASS = YES_ERROR;
				CLANG_WARN_UNREACHABLE_CODE = YES;
				CLANG_WARN__DUPLICATE_METHOD_MATCH = YES;
				"CODE_SIGN_IDENTITY[sdk=iphoneos*]" = "iPhone Developer";
				COPY_PHASE_STRIP = NO;
				DEBUG_INFORMATION_FORMAT = dwarf;
				ENABLE_STRICT_OBJC_MSGSEND = YES;
				ENABLE_TESTABILITY = YES;
				GCC_C_LANGUAGE_STANDARD = gnu99;
				GCC_DYNAMIC_NO_PIC = NO;
				GCC_NO_COMMON_BLOCKS = YES;
				GCC_OPTIMIZATION_LEVEL = 0;
				GCC_PREPROCESSOR_DEFINITIONS = (
					"DEBUG=1",
					"$(inherited)",
				);
				GCC_WARN_64_TO_32_BIT_CONVERSION = YES;
				GCC_WARN_ABOUT_RETURN_TYPE = YES_ERROR;
				GCC_WARN_UNDECLARED_SELECTOR = YES;
				GCC_WARN_UNINITIALIZED_AUTOS = YES_AGGRESSIVE;
				GCC_WARN_UNUSED_FUNCTION = YES;
				GCC_WARN_UNUSED_VARIABLE = YES;
				IPHONEOS_DEPLOYMENT_TARGET = 9.3;
				MTL_ENABLE_DEBUG_INFO = YES;
				ONLY_ACTIVE_ARCH = YES;
				SDKROOT = iphoneos;
				TARGETED_DEVICE_FAMILY = "1,2";
			};
			name = Debug;
		};
		E43BE0971D460D55008EC7BE /* Release */ = {
			isa = XCBuildConfiguration;
			buildSettings = {
				ALWAYS_SEARCH_USER_PATHS = NO;
				CLANG_ANALYZER_NONNULL = YES;
				CLANG_CXX_LANGUAGE_STANDARD = "gnu++0x";
				CLANG_CXX_LIBRARY = "libc++";
				CLANG_ENABLE_MODULES = YES;
				CLANG_ENABLE_OBJC_ARC = YES;
				CLANG_WARN_BOOL_CONVERSION = YES;
				CLANG_WARN_CONSTANT_CONVERSION = YES;
				CLANG_WARN_DIRECT_OBJC_ISA_USAGE = YES_ERROR;
				CLANG_WARN_EMPTY_BODY = YES;
				CLANG_WARN_ENUM_CONVERSION = YES;
				CLANG_WARN_INT_CONVERSION = YES;
				CLANG_WARN_OBJC_ROOT_CLASS = YES_ERROR;
				CLANG_WARN_UNREACHABLE_CODE = YES;
				CLANG_WARN__DUPLICATE_METHOD_MATCH = YES;
				"CODE_SIGN_IDENTITY[sdk=iphoneos*]" = "iPhone Developer";
				COPY_PHASE_STRIP = NO;
				DEBUG_INFORMATION_FORMAT = "dwarf-with-dsym";
				ENABLE_NS_ASSERTIONS = NO;
				ENABLE_STRICT_OBJC_MSGSEND = YES;
				GCC_C_LANGUAGE_STANDARD = gnu99;
				GCC_NO_COMMON_BLOCKS = YES;
				GCC_WARN_64_TO_32_BIT_CONVERSION = YES;
				GCC_WARN_ABOUT_RETURN_TYPE = YES_ERROR;
				GCC_WARN_UNDECLARED_SELECTOR = YES;
				GCC_WARN_UNINITIALIZED_AUTOS = YES_AGGRESSIVE;
				GCC_WARN_UNUSED_FUNCTION = YES;
				GCC_WARN_UNUSED_VARIABLE = YES;
				IPHONEOS_DEPLOYMENT_TARGET = 9.3;
				MTL_ENABLE_DEBUG_INFO = NO;
				SDKROOT = iphoneos;
				TARGETED_DEVICE_FAMILY = "1,2";
				VALIDATE_PRODUCT = YES;
			};
			name = Release;
		};
		E43BE0991D460D55008EC7BE /* Debug */ = {
			isa = XCBuildConfiguration;
			buildSettings = {
				ASSETCATALOG_COMPILER_APPICON_NAME = AppIcon;
				INFOPLIST_FILE = Caculator/Info.plist;
				LD_RUNPATH_SEARCH_PATHS = "$(inherited) @executable_path/Frameworks";
				PRODUCT_BUNDLE_IDENTIFIER = cn.edu.uestc.acmicpc.Caculator;
				PRODUCT_NAME = "$(TARGET_NAME)";
			};
			name = Debug;
		};
		E43BE09A1D460D55008EC7BE /* Release */ = {
			isa = XCBuildConfiguration;
			buildSettings = {
				ASSETCATALOG_COMPILER_APPICON_NAME = AppIcon;
				INFOPLIST_FILE = Caculator/Info.plist;
				LD_RUNPATH_SEARCH_PATHS = "$(inherited) @executable_path/Frameworks";
				PRODUCT_BUNDLE_IDENTIFIER = cn.edu.uestc.acmicpc.Caculator;
				PRODUCT_NAME = "$(TARGET_NAME)";
			};
			name = Release;
		};
/* End XCBuildConfiguration section */

/* Begin XCConfigurationList section */
		E43BE07C1D460D55008EC7BE /* Build configuration list for PBXProject "Caculator" */ = {
			isa = XCConfigurationList;
			buildConfigurations = (
				E43BE0961D460D55008EC7BE /* Debug */,
				E43BE0971D460D55008EC7BE /* Release */,
			);
			defaultConfigurationIsVisible = 0;
			defaultConfigurationName = Release;
		};
		E43BE0981D460D55008EC7BE /* Build configuration list for PBXNativeTarget "Caculator" */ = {
			isa = XCConfigurationList;
			buildConfigurations = (
				E43BE0991D460D55008EC7BE /* Debug */,
				E43BE09A1D460D55008EC7BE /* Release */,
			);
			defaultConfigurationIsVisible = 0;
		};
/* End XCConfigurationList section */
	};
	rootObject = E43BE0791D460D55008EC7BE /* Project object */;
}
